
Microsoft Visual Studio Solution File, Format Version 12.00
# Visual Studio 15
VisualStudioVersion = 15.0.27130.2010
MinimumVisualStudioVersion = 10.0.40219.1
Project("{FAE04EC0-301F-11D3-BF4B-00C04F79EFBC}") = "TelloSdkCoreNet", "TelloSdkCoreNet\TelloSdkCoreNet.csproj", "{BB1665AD-FC11-4E64-9A1E-075CB39A6752}"
EndProject
Project("{FAE04EC0-301F-11D3-BF4B-00C04F79EFBC}") = "TestApp", "TestApp\TestApp.csproj", "{AA866C5C-2B27-43A3-9AC7-906D7F18C085}"
EndProject
Project("{FAE04EC0-301F-11D3-BF4B-00C04F79EFBC}") = "TelloDroneSimulator", "TelloDroneSimulator\TelloDroneSimulator.csproj", "{99D269ED-4031-40DB-8EA3-335AA053C5A1}"
EndProject
Global
	GlobalSection(SolutionConfigurationPlatforms) = preSolution
		Debug|Any CPU = Debug|Any CPU
		Release|Any CPU = Release|Any CPU
	EndGlobalSection
	GlobalSection(ProjectConfigurationPlatforms) = postSolution
		{BB1665AD-FC11-4E64-9A1E-075CB39A6752}.Debug|Any CPU.ActiveCfg = Debug|Any CPU
		{BB1665AD-FC11-4E64-9A1E-075CB39A6752}.Debug|Any CPU.Build.0 = Debug|Any CPU
		{BB1665AD-FC11-4E64-9A1E-075CB39A6752}.Release|Any CPU.ActiveCfg = Release|Any CPU
		{BB1665AD-FC11-4E64-9A1E-075CB39A6752}.Release|Any CPU.Build.0 = Release|Any CPU
		{AA866C5C-2B27-43A3-9AC7-906D7F18C085}.Debug|Any CPU.ActiveCfg = Debug|Any CPU
		{AA866C5C-2B27-43A3-9AC7-906D7F18C085}.Debug|Any CPU.Build.0 = Debug|Any CPU
		{AA866C5C-2B27-43A3-9AC7-906D7F18C085}.Release|Any CPU.ActiveCfg = Release|Any CPU
		{AA866C5C-2B27-43A3-9AC7-906D7F18C085}.Release|Any CPU.Build.0 = Release|Any CPU
		{99D269ED-4031-40DB-8EA3-335AA053C5A1}.Debug|Any CPU.ActiveCfg = Debug|Any CPU
		{99D269ED-4031-40DB-8EA3-335AA053C5A1}.Debug|Any CPU.Build.0 = Debug|Any CPU
		{99D269ED-4031-40DB-8EA3-335AA053C5A1}.Release|Any CPU.ActiveCfg = Release|Any CPU
		{99D269ED-4031-40DB-8EA3-335AA053C5A1}.Release|Any CPU.Build.0 = Release|Any CPU
	EndGlobalSection
	GlobalSection(SolutionProperties) = preSolution
		HideSolutionNode = FALSE
	EndGlobalSection
	GlobalSection(ExtensibilityGlobals) = postSolution
		SolutionGuid = {20E2C27A-ABEB-4ABA-8994-865682140E06}
	EndGlobalSection
EndGlobal
